
Microsoft Visual Studio Solution File, Format Version 12.00
# Visual Studio Version 16
VisualStudioVersion = 16.0.35425.106
MinimumVisualStudioVersion = 10.0.40219.1
Project("{FAE04EC0-301F-11D3-BF4B-00C04F79EFBC}") = "NUnit_Tests", "NUnit_Tests\NUnit_Tests.csproj", "{A2E3BB9C-41DA-46BB-A8F2-52630CD586D3}"
EndProject
Project("{FAE04EC0-301F-11D3-BF4B-00C04F79EFBC}") = "GymBro_App", "GymBro_App\GymBro_App.csproj", "{E11F8AA2-F451-45F8-9BC1-E73DE0B45A3F}"
EndProject
Project("{FAE04EC0-301F-11D3-BF4B-00C04F79EFBC}") = "BDD_Tests", "BDD_Tests\BDD_Tests.csproj", "{7275D0E9-BF1C-4909-A4B6-D167FFE48887}"
EndProject
Global
	GlobalSection(SolutionConfigurationPlatforms) = preSolution
		Debug|Any CPU = Debug|Any CPU
		Release|Any CPU = Release|Any CPU
	EndGlobalSection
	GlobalSection(ProjectConfigurationPlatforms) = postSolution
		{A2E3BB9C-41DA-46BB-A8F2-52630CD586D3}.Debug|Any CPU.ActiveCfg = Debug|Any CPU
		{A2E3BB9C-41DA-46BB-A8F2-52630CD586D3}.Debug|Any CPU.Build.0 = Debug|Any CPU
		{A2E3BB9C-41DA-46BB-A8F2-52630CD586D3}.Release|Any CPU.ActiveCfg = Release|Any CPU
		{A2E3BB9C-41DA-46BB-A8F2-52630CD586D3}.Release|Any CPU.Build.0 = Release|Any CPU
		{E11F8AA2-F451-45F8-9BC1-E73DE0B45A3F}.Debug|Any CPU.ActiveCfg = Debug|Any CPU
		{E11F8AA2-F451-45F8-9BC1-E73DE0B45A3F}.Debug|Any CPU.Build.0 = Debug|Any CPU
		{E11F8AA2-F451-45F8-9BC1-E73DE0B45A3F}.Release|Any CPU.ActiveCfg = Release|Any CPU
		{E11F8AA2-F451-45F8-9BC1-E73DE0B45A3F}.Release|Any CPU.Build.0 = Release|Any CPU
		{7275D0E9-BF1C-4909-A4B6-D167FFE48887}.Debug|Any CPU.ActiveCfg = Debug|Any CPU
		{7275D0E9-BF1C-4909-A4B6-D167FFE48887}.Debug|Any CPU.Build.0 = Debug|Any CPU
		{7275D0E9-BF1C-4909-A4B6-D167FFE48887}.Release|Any CPU.ActiveCfg = Release|Any CPU
		{7275D0E9-BF1C-4909-A4B6-D167FFE48887}.Release|Any CPU.Build.0 = Release|Any CPU
	EndGlobalSection
	GlobalSection(SolutionProperties) = preSolution
		HideSolutionNode = FALSE
	EndGlobalSection
	GlobalSection(ExtensibilityGlobals) = postSolution
		SolutionGuid = {26B3DC83-E232-4E5C-B50E-C69D0557047B}
	EndGlobalSection
EndGlobal
